
Microsoft Visual Studio Solution File, Format Version 12.00
Project("{F2A71F9B-5D33-465A-A702-920D77279786}") = "monthly_stcs_reports", "monthly_stcs_reports\monthly_stcs_reports.fsproj", "{B92F8301-CD94-4A06-999A-D3BD441E0362}"
EndProject
Project("{F2A71F9B-5D33-465A-A702-920D77279786}") = "ministerial_directives", "ministerial_directives\ministerial_directives.fsproj", "{B614C3E3-D140-437B-B3D3-521F7DC9BB98}"
EndProject
Project("{F2A71F9B-5D33-465A-A702-920D77279786}") = "ministerial_directives.Tests", "ministerial_directives.Tests\ministerial_directives.Tests.fsproj", "{50700385-9084-46FD-890A-0399F71E4EFB}"
EndProject
Global
	GlobalSection(SolutionConfigurationPlatforms) = preSolution
		Debug|Any CPU = Debug|Any CPU
		Debug|x64 = Debug|x64
		Debug|x86 = Debug|x86
		Release|Any CPU = Release|Any CPU
		Release|x64 = Release|x64
		Release|x86 = Release|x86
	EndGlobalSection
	GlobalSection(ProjectConfigurationPlatforms) = postSolution
		{B92F8301-CD94-4A06-999A-D3BD441E0362}.Debug|Any CPU.ActiveCfg = Debug|Any CPU
		{B92F8301-CD94-4A06-999A-D3BD441E0362}.Debug|Any CPU.Build.0 = Debug|Any CPU
		{B92F8301-CD94-4A06-999A-D3BD441E0362}.Debug|x64.ActiveCfg = Debug|Any CPU
		{B92F8301-CD94-4A06-999A-D3BD441E0362}.Debug|x64.Build.0 = Debug|Any CPU
		{B92F8301-CD94-4A06-999A-D3BD441E0362}.Debug|x86.ActiveCfg = Debug|Any CPU
		{B92F8301-CD94-4A06-999A-D3BD441E0362}.Debug|x86.Build.0 = Debug|Any CPU
		{B92F8301-CD94-4A06-999A-D3BD441E0362}.Release|Any CPU.ActiveCfg = Release|Any CPU
		{B92F8301-CD94-4A06-999A-D3BD441E0362}.Release|Any CPU.Build.0 = Release|Any CPU
		{B92F8301-CD94-4A06-999A-D3BD441E0362}.Release|x64.ActiveCfg = Release|Any CPU
		{B92F8301-CD94-4A06-999A-D3BD441E0362}.Release|x64.Build.0 = Release|Any CPU
		{B92F8301-CD94-4A06-999A-D3BD441E0362}.Release|x86.ActiveCfg = Release|Any CPU
		{B92F8301-CD94-4A06-999A-D3BD441E0362}.Release|x86.Build.0 = Release|Any CPU
		{B614C3E3-D140-437B-B3D3-521F7DC9BB98}.Debug|Any CPU.ActiveCfg = Debug|Any CPU
		{B614C3E3-D140-437B-B3D3-521F7DC9BB98}.Debug|Any CPU.Build.0 = Debug|Any CPU
		{B614C3E3-D140-437B-B3D3-521F7DC9BB98}.Debug|x64.ActiveCfg = Debug|Any CPU
		{B614C3E3-D140-437B-B3D3-521F7DC9BB98}.Debug|x64.Build.0 = Debug|Any CPU
		{B614C3E3-D140-437B-B3D3-521F7DC9BB98}.Debug|x86.ActiveCfg = Debug|Any CPU
		{B614C3E3-D140-437B-B3D3-521F7DC9BB98}.Debug|x86.Build.0 = Debug|Any CPU
		{B614C3E3-D140-437B-B3D3-521F7DC9BB98}.Release|Any CPU.ActiveCfg = Release|Any CPU
		{B614C3E3-D140-437B-B3D3-521F7DC9BB98}.Release|Any CPU.Build.0 = Release|Any CPU
		{B614C3E3-D140-437B-B3D3-521F7DC9BB98}.Release|x64.ActiveCfg = Release|Any CPU
		{B614C3E3-D140-437B-B3D3-521F7DC9BB98}.Release|x64.Build.0 = Release|Any CPU
		{B614C3E3-D140-437B-B3D3-521F7DC9BB98}.Release|x86.ActiveCfg = Release|Any CPU
		{B614C3E3-D140-437B-B3D3-521F7DC9BB98}.Release|x86.Build.0 = Release|Any CPU
		{50700385-9084-46FD-890A-0399F71E4EFB}.Debug|Any CPU.ActiveCfg = Debug|Any CPU
		{50700385-9084-46FD-890A-0399F71E4EFB}.Debug|Any CPU.Build.0 = Debug|Any CPU
		{50700385-9084-46FD-890A-0399F71E4EFB}.Debug|x64.ActiveCfg = Debug|Any CPU
		{50700385-9084-46FD-890A-0399F71E4EFB}.Debug|x64.Build.0 = Debug|Any CPU
		{50700385-9084-46FD-890A-0399F71E4EFB}.Debug|x86.ActiveCfg = Debug|Any CPU
		{50700385-9084-46FD-890A-0399F71E4EFB}.Debug|x86.Build.0 = Debug|Any CPU
		{50700385-9084-46FD-890A-0399F71E4EFB}.Release|Any CPU.ActiveCfg = Release|Any CPU
		{50700385-9084-46FD-890A-0399F71E4EFB}.Release|Any CPU.Build.0 = Release|Any CPU
		{50700385-9084-46FD-890A-0399F71E4EFB}.Release|x64.ActiveCfg = Release|Any CPU
		{50700385-9084-46FD-890A-0399F71E4EFB}.Release|x64.Build.0 = Release|Any CPU
		{50700385-9084-46FD-890A-0399F71E4EFB}.Release|x86.ActiveCfg = Release|Any CPU
		{50700385-9084-46FD-890A-0399F71E4EFB}.Release|x86.Build.0 = Release|Any CPU
	EndGlobalSection
	GlobalSection(SolutionProperties) = preSolution
		HideSolutionNode = FALSE
	EndGlobalSection
EndGlobal
